# This file is automatically @generated by Poetry and should not be changed by hand.

[[package]]
name = "click"
version = "8.1.3"
description = "Composable command line interface toolkit"
category = "main"
optional = false
python-versions = ">=3.7"
files = [
    {file = "click-8.1.3-py3-none-any.whl", hash = "sha256:bb4d8133cb15a609f44e8213d9b391b0809795062913b383c62be0ee95b1db48"},
    {file = "click-8.1.3.tar.gz", hash = "sha256:7682dc8afb30297001674575ea00d1814d808d6a36af415a82bd481d37ba7b8e"},
]

[package.dependencies]
colorama = {version = "*", markers = "platform_system == \"Windows\""}

[[package]]
name = "colorama"
version = "0.4.6"
description = "Cross-platform colored terminal text."
category = "main"
optional = false
python-versions = "!=3.0.*,!=3.1.*,!=3.2.*,!=3.3.*,!=3.4.*,!=3.5.*,!=3.6.*,>=2.7"
files = [
    {file = "colorama-0.4.6-py2.py3-none-any.whl", hash = "sha256:4f1d9991f5acc0ca119f9d443620b77f9d6b33703e51011c16baf57afb285fc6"},
    {file = "colorama-0.4.6.tar.gz", hash = "sha256:08695f5cb7ed6e0531a20572697297273c47b8cae5a63ffc6d6ed5c201be6e44"},
]

[[package]]
name = "jaydebeapi"
version = "1.2.3"
description = "Use JDBC database drivers from Python 2/3 or Jython with a DB-API."
category = "main"
optional = false
python-versions = "*"
files = [
    {file = "JayDeBeApi-1.2.3-py2-none-any.whl", hash = "sha256:fbfbc7e41d7b35af08df6376a73637820c71a1373b40244b135bd07f3e865c81"},
    {file = "JayDeBeApi-1.2.3-py3-none-any.whl", hash = "sha256:d6256bdad1e14414225fbc839f7d56922ea3abc06153f3a57490fee909fecd64"},
    {file = "JayDeBeApi-1.2.3.tar.gz", hash = "sha256:f25e9307fbb5960cb035394c26e37731b64cc465b197c4344cee85ec450ab92f"},
]

[package.dependencies]
JPype1 = {version = "*", markers = "python_version > \"2.7\" and platform_python_implementation != \"Jython\""}

[[package]]
name = "jpype1"
version = "1.4.1"
description = "A Python to Java bridge."
category = "main"
optional = false
python-versions = ">=3.7"
files = [
    {file = "JPype1-1.4.1-cp310-cp310-macosx_10_9_universal2.whl", hash = "sha256:233a6a1a9c7f3633e7d74c14039f7ea35df81e138241f1acc8f94f65a8bd086e"},
    {file = "JPype1-1.4.1-cp310-cp310-manylinux_2_12_i686.manylinux2010_i686.whl", hash = "sha256:0099e77c6e99af13089b1c89cd99681b485fbf74daa492ee38e35d90d6349ffc"},
    {file = "JPype1-1.4.1-cp310-cp310-manylinux_2_12_x86_64.manylinux2010_x86_64.whl", hash = "sha256:213f7154a7cc859dead7143cfee255bd3ce57938e0a5f2250b6768af0cef62c8"},
    {file = "JPype1-1.4.1-cp310-cp310-win_amd64.whl", hash = "sha256:8d94013dfed3d1c7ee193e86393b2aea756a9910d222b7167ed493f9a0b1b3d5"},
    {file = "JPype1-1.4.1-cp311-cp311-macosx_10_9_universal2.whl", hash = "sha256:34373696c3457f1d686639d928ef53b6a121203d9c0e651ed44dd3adf78bedb3"},
    {file = "JPype1-1.4.1-cp311-cp311-manylinux_2_17_i686.manylinux2014_i686.whl", hash = "sha256:7622d07408e6d9a89e9eb70d4a9a675e51d5411657ac434ccec23cc94b828d9c"},
    {file = "JPype1-1.4.1-cp311-cp311-manylinux_2_17_x86_64.manylinux2014_x86_64.whl", hash = "sha256:5d960ce12c3913242f9e4a11e55afa9c38e1a5410d0a38cc5a21086415c38a02"},
    {file = "JPype1-1.4.1-cp311-cp311-win_amd64.whl", hash = "sha256:5473a89d2cab327e38382fd69d1209517bad44158fb3ee9e699ebfeb5bc1cd51"},
    {file = "JPype1-1.4.1-cp37-cp37m-macosx_10_9_x86_64.whl", hash = "sha256:d85489a27c58b1b21feb8601406319b6a51d233ae9fa27de9b24c4dfea560b22"},
    {file = "JPype1-1.4.1-cp37-cp37m-manylinux_2_12_i686.manylinux2010_i686.whl", hash = "sha256:9ce364d26ccbf7a21e35737f62663ce8d3aeb4e4b0f05d7e71f6126a6eb81059"},
    {file = "JPype1-1.4.1-cp37-cp37m-manylinux_2_12_x86_64.manylinux2010_x86_64.whl", hash = "sha256:b9e29a0ea763c16d0fb05528785d4ed0fa56a421d600eca87e43398b569d2dea"},
    {file = "JPype1-1.4.1-cp37-cp37m-win_amd64.whl", hash = "sha256:8c2fef2d0c298c8e69b2880ff866fa5db5f477ddd78ef310a357d697362c9f89"},
    {file = "JPype1-1.4.1-cp38-cp38-macosx_10_9_x86_64.whl", hash = "sha256:6089cd28067d77e5b4a09e272525ecd70f838b92a7c08d91d4fa7d192ec3f3bb"},
    {file = "JPype1-1.4.1-cp38-cp38-manylinux_2_12_i686.manylinux2010_i686.whl", hash = "sha256:24e601a31fb3b44decd5389ea87cbc39aaa0c61980c39b060561f9dc604f4cc5"},
    {file = "JPype1-1.4.1-cp38-cp38-manylinux_2_12_x86_64.manylinux2010_x86_64.whl", hash = "sha256:000556d5839ffbe61c12f1fa41cbfd4e9a0abe103e0100febacc069d75defa8f"},
    {file = "JPype1-1.4.1-cp38-cp38-win_amd64.whl", hash = "sha256:7039db1a522af55cf89f6a4a72120f8b074abcde2535543da34616640ecbb3c1"},
    {file = "JPype1-1.4.1-cp39-cp39-macosx_10_9_x86_64.whl", hash = "sha256:bd8bd76bf8741fa20d44ded776e6a3ea7fe103bcab7156f53ba7a72c50b7dd2f"},
    {file = "JPype1-1.4.1-cp39-cp39-manylinux_2_12_i686.manylinux2010_i686.whl", hash = "sha256:d483a6c3e6cb19065e71d322c4742efcfafc44bf1a67ef8ef75f78626158c3d9"},
    {file = "JPype1-1.4.1-cp39-cp39-manylinux_2_12_x86_64.manylinux2010_x86_64.whl", hash = "sha256:04ea4be3e9471bf62ccdeccc2417ad6b9a300effcc0e5f6af9534eafa14e3978"},
    {file = "JPype1-1.4.1-cp39-cp39-win_amd64.whl", hash = "sha256:8692a7b14e807b224673010a648ab12415d3bc32323e351f03e6c64814ee319b"},
    {file = "JPype1-1.4.1.tar.gz", hash = "sha256:dc8ee854073474ad79ae168d90c2f6893854f58936cfa18f3587cadae0d3696d"},
]

[package.dependencies]
packaging = "*"

[package.extras]
docs = ["readthedocs-sphinx-ext", "sphinx", "sphinx-rtd-theme"]
tests = ["pytest"]

[[package]]
name = "packaging"
version = "23.0"
description = "Core utilities for Python packages"
category = "main"
optional = false
python-versions = ">=3.7"
files = [
    {file = "packaging-23.0-py3-none-any.whl", hash = "sha256:714ac14496c3e68c99c29b00845f7a2b85f3bb6f1078fd9f72fd20f0570002b2"},
    {file = "packaging-23.0.tar.gz", hash = "sha256:b6ad297f8907de0fa2fe1ccbd26fdaf387f5f47c7275fedf8cce89f99446cf97"},
]

[metadata]
lock-version = "2.0"
python-versions = "^3.9"
content-hash = "44641a4474655619b53cb7a30b9ae8773cc2fc68b0ca7d7c6315e1c4b67b0094"
